
Microsoft Visual Studio Solution File, Format Version 12.00
# Visual Studio 15
VisualStudioVersion = 15.0.28307.1927
MinimumVisualStudioVersion = 10.0.40219.1
Project("{FAE04EC0-301F-11D3-BF4B-00C04F79EFBC}") = "Predator", "Predator\Predator.csproj", "{0E937520-39C6-491C-A14F-51D3C0382AAE}"
EndProject
Global
	GlobalSection(SolutionConfigurationPlatforms) = preSolution
		Debug|Any CPU = Debug|Any CPU
		Release|Any CPU = Release|Any CPU
	EndGlobalSection
	GlobalSection(ProjectConfigurationPlatforms) = postSolution
		{0E937520-39C6-491C-A14F-51D3C0382AAE}.Debug|Any CPU.ActiveCfg = Debug|Any CPU
		{0E937520-39C6-491C-A14F-51D3C0382AAE}.Debug|Any CPU.Build.0 = Debug|Any CPU
		{0E937520-39C6-491C-A14F-51D3C0382AAE}.Release|Any CPU.ActiveCfg = Release|Any CPU
		{0E937520-39C6-491C-A14F-51D3C0382AAE}.Release|Any CPU.Build.0 = Release|Any CPU
	EndGlobalSection
	GlobalSection(SolutionProperties) = preSolution
		HideSolutionNode = FALSE
	EndGlobalSection
	GlobalSection(ExtensibilityGlobals) = postSolution
		SolutionGuid = {6036B586-AE3A-46E0-8E2D-17912DB10F49}
	EndGlobalSection
EndGlobal
